
Microsoft Visual Studio Solution File, Format Version 12.00
# Visual Studio 15
VisualStudioVersion = 15.0.27130.2010
MinimumVisualStudioVersion = 10.0.40219.1
Project("{FAE04EC0-301F-11D3-BF4B-00C04F79EFBC}") = "GithDemo1", "GithDemo1\GithDemo1.csproj", "{57174192-FDA5-49CD-A44B-42BA9504D05A}"
EndProject
Project("{FAE04EC0-301F-11D3-BF4B-00C04F79EFBC}") = "GithDemo1.Tests", "GithDemo1.Tests\GithDemo1.Tests.csproj", "{380ED83C-DC57-4646-8287-ED06336E3A1D}"
EndProject
Global
	GlobalSection(SolutionConfigurationPlatforms) = preSolution
		Debug|Any CPU = Debug|Any CPU
		Release|Any CPU = Release|Any CPU
	EndGlobalSection
	GlobalSection(ProjectConfigurationPlatforms) = postSolution
		{57174192-FDA5-49CD-A44B-42BA9504D05A}.Debug|Any CPU.ActiveCfg = Debug|Any CPU
		{57174192-FDA5-49CD-A44B-42BA9504D05A}.Debug|Any CPU.Build.0 = Debug|Any CPU
		{57174192-FDA5-49CD-A44B-42BA9504D05A}.Release|Any CPU.ActiveCfg = Release|Any CPU
		{57174192-FDA5-49CD-A44B-42BA9504D05A}.Release|Any CPU.Build.0 = Release|Any CPU
		{380ED83C-DC57-4646-8287-ED06336E3A1D}.Debug|Any CPU.ActiveCfg = Debug|Any CPU
		{380ED83C-DC57-4646-8287-ED06336E3A1D}.Debug|Any CPU.Build.0 = Debug|Any CPU
		{380ED83C-DC57-4646-8287-ED06336E3A1D}.Release|Any CPU.ActiveCfg = Release|Any CPU
		{380ED83C-DC57-4646-8287-ED06336E3A1D}.Release|Any CPU.Build.0 = Release|Any CPU
	EndGlobalSection
	GlobalSection(SolutionProperties) = preSolution
		HideSolutionNode = FALSE
	EndGlobalSection
	GlobalSection(ExtensibilityGlobals) = postSolution
		SolutionGuid = {DBBD3FE6-9560-429B-928B-A37D0ECB2525}
	EndGlobalSection
EndGlobal
